{
	"name": "cloudflare-certificate-updater",
	"version": "1.0.0",
	"lockfileVersion": 2,
	"requires": true,
	"packages": {
		"": {
			"name": "cloudflare-certificate-updater",
			"version": "1.0.0",
			"license": "GPL-3.0-or-later",
			"dependencies": {
				"axios": "^0.26.0",
				"dotenv": "^16.0.0",
				"i18n-iso-countries": "^7.3.0",
				"uid-number": "^0.0.6"
			}
		},
		"node_modules/axios": {
			"version": "0.26.0",
			"resolved": "https://registry.npmjs.org/axios/-/axios-0.26.0.tgz",
			"integrity": "sha512-lKoGLMYtHvFrPVt3r+RBMp9nh34N0M8zEfCWqdWZx6phynIEhQqAdydpyBAAG211zlhX9Rgu08cOamy6XjE5Og==",
			"dependencies": {
				"follow-redirects": "^1.14.8"
			}
		},
		"node_modules/diacritics": {
			"version": "1.3.0",
			"resolved": "https://registry.npmjs.org/diacritics/-/diacritics-1.3.0.tgz",
			"integrity": "sha1-PvqHMj67hj5mls67AILUj/PW96E="
		},
		"node_modules/dotenv": {
			"version": "16.0.0",
			"resolved": "https://registry.npmjs.org/dotenv/-/dotenv-16.0.0.tgz",
			"integrity": "sha512-qD9WU0MPM4SWLPJy/r2Be+2WgQj8plChsyrCNQzW/0WjvcJQiKQJ9mH3ZgB3fxbUUxgc/11ZJ0Fi5KiimWGz2Q==",
			"engines": {
				"node": ">=12"
			}
		},
		"node_modules/follow-redirects": {
			"version": "1.14.9",
			"resolved": "https://registry.npmjs.org/follow-redirects/-/follow-redirects-1.14.9.tgz",
			"integrity": "sha512-MQDfihBQYMcyy5dhRDJUHcw7lb2Pv/TuE6xP1vyraLukNDHKbDxDNaOE3NbCAdKQApno+GPRyo1YAp89yCjK4w==",
			"funding": [
				{
					"type": "individual",
					"url": "https://github.com/sponsors/RubenVerborgh"
				}
			],
			"engines": {
				"node": ">=4.0"
			},
			"peerDependenciesMeta": {
				"debug": {
					"optional": true
				}
			}
		},
		"node_modules/i18n-iso-countries": {
			"version": "7.3.0",
			"resolved": "https://registry.npmjs.org/i18n-iso-countries/-/i18n-iso-countries-7.3.0.tgz",
			"integrity": "sha512-z7vFa/wSDx3lpxQZNr/+ZioUQNTYqk1NZoP6vxjukr554r/QxpSRkYFfE3ovKKW82GpyAw4/c6Zi+2Ebr4T0fA==",
			"dependencies": {
				"diacritics": "1.3.0"
			},
			"engines": {
				"node": ">= 12"
			}
		},
		"node_modules/uid-number": {
			"version": "0.0.6",
			"resolved": "https://registry.npmjs.org/uid-number/-/uid-number-0.0.6.tgz",
			"integrity": "sha1-DqEOgDXo61uOREnwbaHHMGY7qoE=",
			"engines": {
				"node": "*"
			}
		}
	},
	"dependencies": {
		"axios": {
			"version": "0.26.0",
			"resolved": "https://registry.npmjs.org/axios/-/axios-0.26.0.tgz",
			"integrity": "sha512-lKoGLMYtHvFrPVt3r+RBMp9nh34N0M8zEfCWqdWZx6phynIEhQqAdydpyBAAG211zlhX9Rgu08cOamy6XjE5Og==",
			"requires": {
				"follow-redirects": "^1.14.8"
			}
		},
		"diacritics": {
			"version": "1.3.0",
			"resolved": "https://registry.npmjs.org/diacritics/-/diacritics-1.3.0.tgz",
			"integrity": "sha1-PvqHMj67hj5mls67AILUj/PW96E="
		},
		"dotenv": {
			"version": "16.0.0",
			"resolved": "https://registry.npmjs.org/dotenv/-/dotenv-16.0.0.tgz",
			"integrity": "sha512-qD9WU0MPM4SWLPJy/r2Be+2WgQj8plChsyrCNQzW/0WjvcJQiKQJ9mH3ZgB3fxbUUxgc/11ZJ0Fi5KiimWGz2Q=="
		},
		"follow-redirects": {
			"version": "1.14.9",
			"resolved": "https://registry.npmjs.org/follow-redirects/-/follow-redirects-1.14.9.tgz",
			"integrity": "sha512-MQDfihBQYMcyy5dhRDJUHcw7lb2Pv/TuE6xP1vyraLukNDHKbDxDNaOE3NbCAdKQApno+GPRyo1YAp89yCjK4w=="
		},
		"i18n-iso-countries": {
			"version": "7.3.0",
			"resolved": "https://registry.npmjs.org/i18n-iso-countries/-/i18n-iso-countries-7.3.0.tgz",
			"integrity": "sha512-z7vFa/wSDx3lpxQZNr/+ZioUQNTYqk1NZoP6vxjukr554r/QxpSRkYFfE3ovKKW82GpyAw4/c6Zi+2Ebr4T0fA==",
			"requires": {
				"diacritics": "1.3.0"
			}
		},
		"uid-number": {
			"version": "0.0.6",
			"resolved": "https://registry.npmjs.org/uid-number/-/uid-number-0.0.6.tgz",
			"integrity": "sha1-DqEOgDXo61uOREnwbaHHMGY7qoE="
		}
	}
}
