{
	"name": "cloudflare-certificate-updater",
	"version": "1.0.0",
	"lockfileVersion": 1,
	"requires": true,
	"dependencies": {
		"axios": {
			"version": "0.21.0",
			"resolved": "https://registry.npmjs.org/axios/-/axios-0.21.0.tgz",
			"integrity": "sha512-fmkJBknJKoZwem3/IKSSLpkdNXZeBu5Q7GA/aRsr2btgrptmSCxi2oFjZHqGdK9DoTil9PIHlPIZw2EcRJXRvw==",
			"requires": {
				"follow-redirects": "^1.10.0"
			}
		},
		"diacritics": {
			"version": "1.3.0",
			"resolved": "https://registry.npmjs.org/diacritics/-/diacritics-1.3.0.tgz",
			"integrity": "sha1-PvqHMj67hj5mls67AILUj/PW96E="
		},
		"dotenv": {
			"version": "8.2.0",
			"resolved": "https://registry.npmjs.org/dotenv/-/dotenv-8.2.0.tgz",
			"integrity": "sha512-8sJ78ElpbDJBHNeBzUbUVLsqKdccaa/BXF1uPTw3GrvQTBgrQrtObr2mUrE38vzYd8cEv+m/JBfDLioYcfXoaw=="
		},
		"follow-redirects": {
			"version": "1.13.1",
			"resolved": "https://registry.npmjs.org/follow-redirects/-/follow-redirects-1.13.1.tgz",
			"integrity": "sha512-SSG5xmZh1mkPGyKzjZP8zLjltIfpW32Y5QpdNJyjcfGxK3qo3NDDkZOZSFiGn1A6SclQxY9GzEwAHQ3dmYRWpg=="
		},
		"i18n-iso-countries": {
			"version": "6.3.0",
			"resolved": "https://registry.npmjs.org/i18n-iso-countries/-/i18n-iso-countries-6.3.0.tgz",
			"integrity": "sha512-8sqtqotRmleouJBtbohCnjau4OH/z1nZ6sPLiC/7Hbi0Tt7dOI2o/+ww8wj5EegOBFg6m/JJUbOPdS/i53wQZw==",
			"requires": {
				"diacritics": "1.3.0"
			}
		},
		"uid-number": {
			"version": "0.0.6",
			"resolved": "https://registry.npmjs.org/uid-number/-/uid-number-0.0.6.tgz",
			"integrity": "sha1-DqEOgDXo61uOREnwbaHHMGY7qoE="
		}
	}
}
